
Microsoft Visual Studio Solution File, Format Version 12.00
# Visual Studio Version 17
VisualStudioVersion = 17.13.35919.96 d17.13
MinimumVisualStudioVersion = 10.0.40219.1
Project("{FAE04EC0-301F-11D3-BF4B-00C04F79EFBC}") = "LeetCode566_ReshapeMatrix", "LeetCode566_ReshapeMatrix.csproj", "{E7FF98A1-B829-44F3-BB88-8BE9A67E954A}"
EndProject
Global
	GlobalSection(SolutionConfigurationPlatforms) = preSolution
		Debug|Any CPU = Debug|Any CPU
		Release|Any CPU = Release|Any CPU
	EndGlobalSection
	GlobalSection(ProjectConfigurationPlatforms) = postSolution
		{E7FF98A1-B829-44F3-BB88-8BE9A67E954A}.Debug|Any CPU.ActiveCfg = Debug|Any CPU
		{E7FF98A1-B829-44F3-BB88-8BE9A67E954A}.Debug|Any CPU.Build.0 = Debug|Any CPU
		{E7FF98A1-B829-44F3-BB88-8BE9A67E954A}.Release|Any CPU.ActiveCfg = Release|Any CPU
		{E7FF98A1-B829-44F3-BB88-8BE9A67E954A}.Release|Any CPU.Build.0 = Release|Any CPU
	EndGlobalSection
	GlobalSection(SolutionProperties) = preSolution
		HideSolutionNode = FALSE
	EndGlobalSection
	GlobalSection(ExtensibilityGlobals) = postSolution
		SolutionGuid = {34CED44F-0C54-4715-8093-206BB03F72BC}
	EndGlobalSection
EndGlobal
